// !$*UTF8*$!
{
	archiveVersion = 1;
	classes = {
	};
	objectVersion = 46;
	objects = {

/* Begin PBXBuildFile section */
		3412AC39234F384C00538F51 /* main.m in Sources */ = {isa = PBXBuildFile; fileRef = 3412AC38234F384C00538F51 /* main.m */; };
		3412AC3C234F384C00538F51 /* AppDelegate.m in Sources */ = {isa = PBXBuildFile; fileRef = 3412AC3B234F384C00538F51 /* AppDelegate.m */; };
		3412AC3F234F384C00538F51 /* ViewController.m in Sources */ = {isa = PBXBuildFile; fileRef = 3412AC3E234F384C00538F51 /* ViewController.m */; };
		3412AC44234F384C00538F51 /* Images.xcassets in Resources */ = {isa = PBXBuildFile; fileRef = 3412AC43234F384C00538F51 /* Images.xcassets */; };
		3412AC47234F384C00538F51 /* LaunchScreen.xib in Resources */ = {isa = PBXBuildFile; fileRef = 3412AC45234F384C00538F51 /* LaunchScreen.xib */; };
		3412AC53234F384C00538F51 /* NewsFeedAppTests.m in Sources */ = {isa = PBXBuildFile; fileRef = 3412AC52234F384C00538F51 /* NewsFeedAppTests.m */; };
		34D74CCB234F6A8800E0D7EF /* NewsSet.m in Sources */ = {isa = PBXBuildFile; fileRef = 34D74CCA234F6A8800E0D7EF /* NewsSet.m */; };
		34D74CD12350821300E0D7EF /* NewsPost.m in Sources */ = {isa = PBXBuildFile; fileRef = 34D74CD02350821300E0D7EF /* NewsPost.m */; };
		34D74CDC2350CA9F00E0D7EF /* DetailViewController.m in Sources */ = {isa = PBXBuildFile; fileRef = 34D74CDB2350CA9F00E0D7EF /* DetailViewController.m */; };
		34DEC7032354625000F5FB4E /* Main.storyboard in Resources */ = {isa = PBXBuildFile; fileRef = 34DEC7022354625000F5FB4E /* Main.storyboard */; };
		34DEC73F23547DE100F5FB4E /* FindViewController.m in Sources */ = {isa = PBXBuildFile; fileRef = 34DEC73E23547DE100F5FB4E /* FindViewController.m */; };
		34DEC7432354C63000F5FB4E /* FilterViewController.m in Sources */ = {isa = PBXBuildFile; fileRef = 34DEC7422354C63000F5FB4E /* FilterViewController.m */; };
		34DEC74A2355D70F00F5FB4E /* CollectionViewController.m in Sources */ = {isa = PBXBuildFile; fileRef = 34DEC7492355D70F00F5FB4E /* CollectionViewController.m */; };
		34DEC74D2355D85F00F5FB4E /* CollectionViewCell.m in Sources */ = {isa = PBXBuildFile; fileRef = 34DEC74C2355D85F00F5FB4E /* CollectionViewCell.m */; };
		34DEC7512355FCD400F5FB4E /* THSHTTPCommunication.m in Sources */ = {isa = PBXBuildFile; fileRef = 34DEC7502355FCD400F5FB4E /* THSHTTPCommunication.m */; };
		34DF60E8235757BC005FDB23 /* ParseDatetime.m in Sources */ = {isa = PBXBuildFile; fileRef = 34DF60E7235757BC005FDB23 /* ParseDatetime.m */; };
		34DF60EC23575932005FDB23 /* ResizeImages.m in Sources */ = {isa = PBXBuildFile; fileRef = 34DF60EB23575932005FDB23 /* ResizeImages.m */; };
		34DF60F023575E1E005FDB23 /* OperationWithArray.m in Sources */ = {isa = PBXBuildFile; fileRef = 34DF60EF23575E1E005FDB23 /* OperationWithArray.m */; };
/* End PBXBuildFile section */

/* Begin PBXContainerItemProxy section */
		3412AC4D234F384C00538F51 /* PBXContainerItemProxy */ = {
			isa = PBXContainerItemProxy;
			containerPortal = 3412AC2B234F384C00538F51 /* Project object */;
			proxyType = 1;
			remoteGlobalIDString = 3412AC32234F384C00538F51;
			remoteInfo = NewsFeedApp;
		};
/* End PBXContainerItemProxy section */

/* Begin PBXFileReference section */
		3412AC33234F384C00538F51 /* NewsFeedApp.app */ = {isa = PBXFileReference; explicitFileType = wrapper.application; includeInIndex = 0; path = NewsFeedApp.app; sourceTree = BUILT_PRODUCTS_DIR; };
		3412AC37234F384C00538F51 /* Info.plist */ = {isa = PBXFileReference; lastKnownFileType = text.plist.xml; path = Info.plist; sourceTree = "<group>"; };
		3412AC38234F384C00538F51 /* main.m */ = {isa = PBXFileReference; lastKnownFileType = sourcecode.c.objc; path = main.m; sourceTree = "<group>"; };
		3412AC3A234F384C00538F51 /* AppDelegate.h */ = {isa = PBXFileReference; lastKnownFileType = sourcecode.c.h; path = AppDelegate.h; sourceTree = "<group>"; };
		3412AC3B234F384C00538F51 /* AppDelegate.m */ = {isa = PBXFileReference; lastKnownFileType = sourcecode.c.objc; path = AppDelegate.m; sourceTree = "<group>"; };
		3412AC3D234F384C00538F51 /* ViewController.h */ = {isa = PBXFileReference; lastKnownFileType = sourcecode.c.h; path = ViewController.h; sourceTree = "<group>"; };
		3412AC3E234F384C00538F51 /* ViewController.m */ = {isa = PBXFileReference; lastKnownFileType = sourcecode.c.objc; path = ViewController.m; sourceTree = "<group>"; };
		3412AC43234F384C00538F51 /* Images.xcassets */ = {isa = PBXFileReference; lastKnownFileType = folder.assetcatalog; path = Images.xcassets; sourceTree = "<group>"; };
		3412AC46234F384C00538F51 /* Base */ = {isa = PBXFileReference; lastKnownFileType = file.xib; name = Base; path = Base.lproj/LaunchScreen.xib; sourceTree = "<group>"; };
		3412AC4C234F384C00538F51 /* NewsFeedAppTests.xctest */ = {isa = PBXFileReference; explicitFileType = wrapper.cfbundle; includeInIndex = 0; path = NewsFeedAppTests.xctest; sourceTree = BUILT_PRODUCTS_DIR; };
		3412AC51234F384C00538F51 /* Info.plist */ = {isa = PBXFileReference; lastKnownFileType = text.plist.xml; path = Info.plist; sourceTree = "<group>"; };
		3412AC52234F384C00538F51 /* NewsFeedAppTests.m */ = {isa = PBXFileReference; lastKnownFileType = sourcecode.c.objc; path = NewsFeedAppTests.m; sourceTree = "<group>"; };
		34D74CC9234F6A8800E0D7EF /* NewsSet.h */ = {isa = PBXFileReference; fileEncoding = 4; lastKnownFileType = sourcecode.c.h; path = NewsSet.h; sourceTree = "<group>"; };
		34D74CCA234F6A8800E0D7EF /* NewsSet.m */ = {isa = PBXFileReference; fileEncoding = 4; lastKnownFileType = sourcecode.c.objc; path = NewsSet.m; sourceTree = "<group>"; };
		34D74CCF2350821300E0D7EF /* NewsPost.h */ = {isa = PBXFileReference; fileEncoding = 4; lastKnownFileType = sourcecode.c.h; path = NewsPost.h; sourceTree = "<group>"; };
		34D74CD02350821300E0D7EF /* NewsPost.m */ = {isa = PBXFileReference; fileEncoding = 4; lastKnownFileType = sourcecode.c.objc; path = NewsPost.m; sourceTree = "<group>"; };
		34D74CDA2350CA9F00E0D7EF /* DetailViewController.h */ = {isa = PBXFileReference; fileEncoding = 4; lastKnownFileType = sourcecode.c.h; path = DetailViewController.h; sourceTree = "<group>"; };
		34D74CDB2350CA9F00E0D7EF /* DetailViewController.m */ = {isa = PBXFileReference; fileEncoding = 4; lastKnownFileType = sourcecode.c.objc; path = DetailViewController.m; sourceTree = "<group>"; };
		34DEC7022354625000F5FB4E /* Main.storyboard */ = {isa = PBXFileReference; fileEncoding = 4; lastKnownFileType = file.storyboard; name = Main.storyboard; path = ../../../../../.Trash/Main.storyboard; sourceTree = "<group>"; };
		34DEC73D23547DE100F5FB4E /* FindViewController.h */ = {isa = PBXFileReference; fileEncoding = 4; lastKnownFileType = sourcecode.c.h; path = FindViewController.h; sourceTree = "<group>"; };
		34DEC73E23547DE100F5FB4E /* FindViewController.m */ = {isa = PBXFileReference; fileEncoding = 4; lastKnownFileType = sourcecode.c.objc; path = FindViewController.m; sourceTree = "<group>"; };
		34DEC7412354C63000F5FB4E /* FilterViewController.h */ = {isa = PBXFileReference; fileEncoding = 4; lastKnownFileType = sourcecode.c.h; path = FilterViewController.h; sourceTree = "<group>"; };
		34DEC7422354C63000F5FB4E /* FilterViewController.m */ = {isa = PBXFileReference; fileEncoding = 4; lastKnownFileType = sourcecode.c.objc; path = FilterViewController.m; sourceTree = "<group>"; };
		34DEC7482355D70F00F5FB4E /* CollectionViewController.h */ = {isa = PBXFileReference; fileEncoding = 4; lastKnownFileType = sourcecode.c.h; path = CollectionViewController.h; sourceTree = "<group>"; };
		34DEC7492355D70F00F5FB4E /* CollectionViewController.m */ = {isa = PBXFileReference; fileEncoding = 4; lastKnownFileType = sourcecode.c.objc; path = CollectionViewController.m; sourceTree = "<group>"; };
		34DEC74B2355D85F00F5FB4E /* CollectionViewCell.h */ = {isa = PBXFileReference; fileEncoding = 4; lastKnownFileType = sourcecode.c.h; path = CollectionViewCell.h; sourceTree = "<group>"; };
		34DEC74C2355D85F00F5FB4E /* CollectionViewCell.m */ = {isa = PBXFileReference; fileEncoding = 4; lastKnownFileType = sourcecode.c.objc; path = CollectionViewCell.m; sourceTree = "<group>"; };
		34DEC74F2355FCD400F5FB4E /* THSHTTPCommunication.h */ = {isa = PBXFileReference; fileEncoding = 4; lastKnownFileType = sourcecode.c.h; path = THSHTTPCommunication.h; sourceTree = "<group>"; };
		34DEC7502355FCD400F5FB4E /* THSHTTPCommunication.m */ = {isa = PBXFileReference; fileEncoding = 4; lastKnownFileType = sourcecode.c.objc; path = THSHTTPCommunication.m; sourceTree = "<group>"; };
		34DF60E6235757BC005FDB23 /* ParseDatetime.h */ = {isa = PBXFileReference; fileEncoding = 4; lastKnownFileType = sourcecode.c.h; path = ParseDatetime.h; sourceTree = "<group>"; };
		34DF60E7235757BC005FDB23 /* ParseDatetime.m */ = {isa = PBXFileReference; fileEncoding = 4; lastKnownFileType = sourcecode.c.objc; path = ParseDatetime.m; sourceTree = "<group>"; };
		34DF60EA23575932005FDB23 /* ResizeImages.h */ = {isa = PBXFileReference; fileEncoding = 4; lastKnownFileType = sourcecode.c.h; path = ResizeImages.h; sourceTree = "<group>"; };
		34DF60EB23575932005FDB23 /* ResizeImages.m */ = {isa = PBXFileReference; fileEncoding = 4; lastKnownFileType = sourcecode.c.objc; path = ResizeImages.m; sourceTree = "<group>"; };
		34DF60EE23575E1E005FDB23 /* OperationWithArray.h */ = {isa = PBXFileReference; fileEncoding = 4; lastKnownFileType = sourcecode.c.h; path = OperationWithArray.h; sourceTree = "<group>"; };
		34DF60EF23575E1E005FDB23 /* OperationWithArray.m */ = {isa = PBXFileReference; fileEncoding = 4; lastKnownFileType = sourcecode.c.objc; path = OperationWithArray.m; sourceTree = "<group>"; };
/* End PBXFileReference section */

/* Begin PBXFrameworksBuildPhase section */
		3412AC30234F384C00538F51 /* Frameworks */ = {
			isa = PBXFrameworksBuildPhase;
			buildActionMask = 2147483647;
			files = (
			);
			runOnlyForDeploymentPostprocessing = 0;
		};
		3412AC49234F384C00538F51 /* Frameworks */ = {
			isa = PBXFrameworksBuildPhase;
			buildActionMask = 2147483647;
			files = (
			);
			runOnlyForDeploymentPostprocessing = 0;
		};
/* End PBXFrameworksBuildPhase section */

/* Begin PBXGroup section */
		3412AC2A234F384C00538F51 = {
			isa = PBXGroup;
			children = (
				3412AC35234F384C00538F51 /* NewsFeedApp */,
				3412AC4F234F384C00538F51 /* NewsFeedAppTests */,
				3412AC34234F384C00538F51 /* Products */,
			);
			sourceTree = "<group>";
		};
		3412AC34234F384C00538F51 /* Products */ = {
			isa = PBXGroup;
			children = (
				3412AC33234F384C00538F51 /* NewsFeedApp.app */,
				3412AC4C234F384C00538F51 /* NewsFeedAppTests.xctest */,
			);
			name = Products;
			sourceTree = "<group>";
		};
		3412AC35234F384C00538F51 /* NewsFeedApp */ = {
			isa = PBXGroup;
			children = (
				34DF60ED23575DF2005FDB23 /* OperationWithArray */,
				34DF60E923575911005FDB23 /* OperationWithImages */,
				34DF60E52357578F005FDB23 /* ParseDatetime */,
				34DEC74E2355FC9400F5FB4E /* THSGTTPCommunication */,
				34DEC7442355D22800F5FB4E /* Grid */,
				34DEC7402354C5EA00F5FB4E /* Filter */,
				34DEC73923547B4700F5FB4E /* Find */,
				34D74CDD2350CAA700E0D7EF /* Detail */,
				34D74CD62350971C00E0D7EF /* TableScreen */,
				3412AC3A234F384C00538F51 /* AppDelegate.h */,
				3412AC3B234F384C00538F51 /* AppDelegate.m */,
				3412AC43234F384C00538F51 /* Images.xcassets */,
				34DEC7022354625000F5FB4E /* Main.storyboard */,
				3412AC45234F384C00538F51 /* LaunchScreen.xib */,
				3412AC36234F384C00538F51 /* Supporting Files */,
			);
			path = NewsFeedApp;
			sourceTree = "<group>";
		};
		3412AC36234F384C00538F51 /* Supporting Files */ = {
			isa = PBXGroup;
			children = (
				3412AC3D234F384C00538F51 /* ViewController.h */,
				3412AC3E234F384C00538F51 /* ViewController.m */,
				3412AC37234F384C00538F51 /* Info.plist */,
				3412AC38234F384C00538F51 /* main.m */,
			);
			name = "Supporting Files";
			sourceTree = "<group>";
		};
		3412AC4F234F384C00538F51 /* NewsFeedAppTests */ = {
			isa = PBXGroup;
			children = (
				3412AC52234F384C00538F51 /* NewsFeedAppTests.m */,
				3412AC50234F384C00538F51 /* Supporting Files */,
			);
			path = NewsFeedAppTests;
			sourceTree = "<group>";
		};
		3412AC50234F384C00538F51 /* Supporting Files */ = {
			isa = PBXGroup;
			children = (
				3412AC51234F384C00538F51 /* Info.plist */,
			);
			name = "Supporting Files";
			sourceTree = "<group>";
		};
		34D74CD62350971C00E0D7EF /* TableScreen */ = {
			isa = PBXGroup;
			children = (
				34D74CCF2350821300E0D7EF /* NewsPost.h */,
				34D74CD02350821300E0D7EF /* NewsPost.m */,
				34D74CC9234F6A8800E0D7EF /* NewsSet.h */,
				34D74CCA234F6A8800E0D7EF /* NewsSet.m */,
			);
			name = TableScreen;
			sourceTree = "<group>";
		};
		34D74CDD2350CAA700E0D7EF /* Detail */ = {
			isa = PBXGroup;
			children = (
				34D74CDA2350CA9F00E0D7EF /* DetailViewController.h */,
				34D74CDB2350CA9F00E0D7EF /* DetailViewController.m */,
			);
			name = Detail;
			sourceTree = "<group>";
		};
		34DEC73923547B4700F5FB4E /* Find */ = {
			isa = PBXGroup;
			children = (
				34DEC73D23547DE100F5FB4E /* FindViewController.h */,
				34DEC73E23547DE100F5FB4E /* FindViewController.m */,
			);
			name = Find;
			sourceTree = "<group>";
		};
		34DEC7402354C5EA00F5FB4E /* Filter */ = {
			isa = PBXGroup;
			children = (
				34DEC7412354C63000F5FB4E /* FilterViewController.h */,
				34DEC7422354C63000F5FB4E /* FilterViewController.m */,
			);
			name = Filter;
			sourceTree = "<group>";
		};
		34DEC7442355D22800F5FB4E /* Grid */ = {
			isa = PBXGroup;
			children = (
				34DEC7482355D70F00F5FB4E /* CollectionViewController.h */,
				34DEC7492355D70F00F5FB4E /* CollectionViewController.m */,
				34DEC74B2355D85F00F5FB4E /* CollectionViewCell.h */,
				34DEC74C2355D85F00F5FB4E /* CollectionViewCell.m */,
			);
			name = Grid;
			sourceTree = "<group>";
		};
		34DEC74E2355FC9400F5FB4E /* THSGTTPCommunication */ = {
			isa = PBXGroup;
			children = (
				34DEC74F2355FCD400F5FB4E /* THSHTTPCommunication.h */,
				34DEC7502355FCD400F5FB4E /* THSHTTPCommunication.m */,
			);
			name = THSGTTPCommunication;
			sourceTree = "<group>";
		};
		34DF60E52357578F005FDB23 /* ParseDatetime */ = {
			isa = PBXGroup;
			children = (
				34DF60E6235757BC005FDB23 /* ParseDatetime.h */,
				34DF60E7235757BC005FDB23 /* ParseDatetime.m */,
			);
			name = ParseDatetime;
			sourceTree = "<group>";
		};
		34DF60E923575911005FDB23 /* OperationWithImages */ = {
			isa = PBXGroup;
			children = (
				34DF60EA23575932005FDB23 /* ResizeImages.h */,
				34DF60EB23575932005FDB23 /* ResizeImages.m */,
			);
			name = OperationWithImages;
			sourceTree = "<group>";
		};
		34DF60ED23575DF2005FDB23 /* OperationWithArray */ = {
			isa = PBXGroup;
			children = (
				34DF60EE23575E1E005FDB23 /* OperationWithArray.h */,
				34DF60EF23575E1E005FDB23 /* OperationWithArray.m */,
			);
			name = OperationWithArray;
			sourceTree = "<group>";
		};
/* End PBXGroup section */

/* Begin PBXNativeTarget section */
		3412AC32234F384C00538F51 /* NewsFeedApp */ = {
			isa = PBXNativeTarget;
			buildConfigurationList = 3412AC56234F384C00538F51 /* Build configuration list for PBXNativeTarget "NewsFeedApp" */;
			buildPhases = (
				3412AC2F234F384C00538F51 /* Sources */,
				3412AC30234F384C00538F51 /* Frameworks */,
				3412AC31234F384C00538F51 /* Resources */,
			);
			buildRules = (
			);
			dependencies = (
			);
			name = NewsFeedApp;
			productName = NewsFeedApp;
			productReference = 3412AC33234F384C00538F51 /* NewsFeedApp.app */;
			productType = "com.apple.product-type.application";
		};
		3412AC4B234F384C00538F51 /* NewsFeedAppTests */ = {
			isa = PBXNativeTarget;
			buildConfigurationList = 3412AC59234F384C00538F51 /* Build configuration list for PBXNativeTarget "NewsFeedAppTests" */;
			buildPhases = (
				3412AC48234F384C00538F51 /* Sources */,
				3412AC49234F384C00538F51 /* Frameworks */,
				3412AC4A234F384C00538F51 /* Resources */,
			);
			buildRules = (
			);
			dependencies = (
				3412AC4E234F384C00538F51 /* PBXTargetDependency */,
			);
			name = NewsFeedAppTests;
			productName = NewsFeedAppTests;
			productReference = 3412AC4C234F384C00538F51 /* NewsFeedAppTests.xctest */;
			productType = "com.apple.product-type.bundle.unit-test";
		};
/* End PBXNativeTarget section */

/* Begin PBXProject section */
		3412AC2B234F384C00538F51 /* Project object */ = {
			isa = PBXProject;
			attributes = {
				LastUpgradeCheck = 0640;
				ORGANIZATIONNAME = "Roman Doronin";
				TargetAttributes = {
					3412AC32234F384C00538F51 = {
						CreatedOnToolsVersion = 6.4;
					};
					3412AC4B234F384C00538F51 = {
						CreatedOnToolsVersion = 6.4;
						TestTargetID = 3412AC32234F384C00538F51;
					};
				};
			};
			buildConfigurationList = 3412AC2E234F384C00538F51 /* Build configuration list for PBXProject "NewsFeedApp" */;
			compatibilityVersion = "Xcode 3.2";
			developmentRegion = English;
			hasScannedForEncodings = 0;
			knownRegions = (
				en,
				Base,
			);
			mainGroup = 3412AC2A234F384C00538F51;
			productRefGroup = 3412AC34234F384C00538F51 /* Products */;
			projectDirPath = "";
			projectRoot = "";
			targets = (
				3412AC32234F384C00538F51 /* NewsFeedApp */,
				3412AC4B234F384C00538F51 /* NewsFeedAppTests */,
			);
		};
/* End PBXProject section */

/* Begin PBXResourcesBuildPhase section */
		3412AC31234F384C00538F51 /* Resources */ = {
			isa = PBXResourcesBuildPhase;
			buildActionMask = 2147483647;
			files = (
				34DEC7032354625000F5FB4E /* Main.storyboard in Resources */,
				3412AC47234F384C00538F51 /* LaunchScreen.xib in Resources */,
				3412AC44234F384C00538F51 /* Images.xcassets in Resources */,
			);
			runOnlyForDeploymentPostprocessing = 0;
		};
		3412AC4A234F384C00538F51 /* Resources */ = {
			isa = PBXResourcesBuildPhase;
			buildActionMask = 2147483647;
			files = (
			);
			runOnlyForDeploymentPostprocessing = 0;
		};
/* End PBXResourcesBuildPhase section */

/* Begin PBXSourcesBuildPhase section */
		3412AC2F234F384C00538F51 /* Sources */ = {
			isa = PBXSourcesBuildPhase;
			buildActionMask = 2147483647;
			files = (
				3412AC3F234F384C00538F51 /* ViewController.m in Sources */,
				3412AC3C234F384C00538F51 /* AppDelegate.m in Sources */,
				34D74CCB234F6A8800E0D7EF /* NewsSet.m in Sources */,
				34D74CD12350821300E0D7EF /* NewsPost.m in Sources */,
				3412AC39234F384C00538F51 /* main.m in Sources */,
				34DF60EC23575932005FDB23 /* ResizeImages.m in Sources */,
				34D74CDC2350CA9F00E0D7EF /* DetailViewController.m in Sources */,
				34DF60F023575E1E005FDB23 /* OperationWithArray.m in Sources */,
				34DF60E8235757BC005FDB23 /* ParseDatetime.m in Sources */,
				34DEC7512355FCD400F5FB4E /* THSHTTPCommunication.m in Sources */,
				34DEC74D2355D85F00F5FB4E /* CollectionViewCell.m in Sources */,
				34DEC7432354C63000F5FB4E /* FilterViewController.m in Sources */,
				34DEC73F23547DE100F5FB4E /* FindViewController.m in Sources */,
				34DEC74A2355D70F00F5FB4E /* CollectionViewController.m in Sources */,
			);
			runOnlyForDeploymentPostprocessing = 0;
		};
		3412AC48234F384C00538F51 /* Sources */ = {
			isa = PBXSourcesBuildPhase;
			buildActionMask = 2147483647;
			files = (
				3412AC53234F384C00538F51 /* NewsFeedAppTests.m in Sources */,
			);
			runOnlyForDeploymentPostprocessing = 0;
		};
/* End PBXSourcesBuildPhase section */

/* Begin PBXTargetDependency section */
		3412AC4E234F384C00538F51 /* PBXTargetDependency */ = {
			isa = PBXTargetDependency;
			target = 3412AC32234F384C00538F51 /* NewsFeedApp */;
			targetProxy = 3412AC4D234F384C00538F51 /* PBXContainerItemProxy */;
		};
/* End PBXTargetDependency section */

/* Begin PBXVariantGroup section */
		3412AC45234F384C00538F51 /* LaunchScreen.xib */ = {
			isa = PBXVariantGroup;
			children = (
				3412AC46234F384C00538F51 /* Base */,
			);
			name = LaunchScreen.xib;
			sourceTree = "<group>";
		};
/* End PBXVariantGroup section */

/* Begin XCBuildConfiguration section */
		3412AC54234F384C00538F51 /* Debug */ = {
			isa = XCBuildConfiguration;
			buildSettings = {
				ALWAYS_SEARCH_USER_PATHS = NO;
				CLANG_CXX_LANGUAGE_STANDARD = "gnu++0x";
				CLANG_CXX_LIBRARY = "libc++";
				CLANG_ENABLE_MODULES = YES;
				CLANG_ENABLE_OBJC_ARC = YES;
				CLANG_WARN_BOOL_CONVERSION = YES;
				CLANG_WARN_CONSTANT_CONVERSION = YES;
				CLANG_WARN_DIRECT_OBJC_ISA_USAGE = YES_ERROR;
				CLANG_WARN_EMPTY_BODY = YES;
				CLANG_WARN_ENUM_CONVERSION = YES;
				CLANG_WARN_INT_CONVERSION = YES;
				CLANG_WARN_OBJC_ROOT_CLASS = YES_ERROR;
				CLANG_WARN_UNREACHABLE_CODE = YES;
				CLANG_WARN__DUPLICATE_METHOD_MATCH = YES;
				"CODE_SIGN_IDENTITY[sdk=iphoneos*]" = "iPhone Developer";
				COPY_PHASE_STRIP = NO;
				DEBUG_INFORMATION_FORMAT = "dwarf-with-dsym";
				ENABLE_STRICT_OBJC_MSGSEND = YES;
				GCC_C_LANGUAGE_STANDARD = gnu99;
				GCC_DYNAMIC_NO_PIC = NO;
				GCC_NO_COMMON_BLOCKS = YES;
				GCC_OPTIMIZATION_LEVEL = 0;
				GCC_PREPROCESSOR_DEFINITIONS = (
					"DEBUG=1",
					"$(inherited)",
				);
				GCC_SYMBOLS_PRIVATE_EXTERN = NO;
				GCC_WARN_64_TO_32_BIT_CONVERSION = YES;
				GCC_WARN_ABOUT_RETURN_TYPE = YES_ERROR;
				GCC_WARN_UNDECLARED_SELECTOR = YES;
				GCC_WARN_UNINITIALIZED_AUTOS = YES_AGGRESSIVE;
				GCC_WARN_UNUSED_FUNCTION = YES;
				GCC_WARN_UNUSED_VARIABLE = YES;
				IPHONEOS_DEPLOYMENT_TARGET = 8.4;
				MTL_ENABLE_DEBUG_INFO = YES;
				ONLY_ACTIVE_ARCH = YES;
				SDKROOT = iphoneos;
				TARGETED_DEVICE_FAMILY = "1,2";
			};
			name = Debug;
		};
		3412AC55234F384C00538F51 /* Release */ = {
			isa = XCBuildConfiguration;
			buildSettings = {
				ALWAYS_SEARCH_USER_PATHS = NO;
				CLANG_CXX_LANGUAGE_STANDARD = "gnu++0x";
				CLANG_CXX_LIBRARY = "libc++";
				CLANG_ENABLE_MODULES = YES;
				CLANG_ENABLE_OBJC_ARC = YES;
				CLANG_WARN_BOOL_CONVERSION = YES;
				CLANG_WARN_CONSTANT_CONVERSION = YES;
				CLANG_WARN_DIRECT_OBJC_ISA_USAGE = YES_ERROR;
				CLANG_WARN_EMPTY_BODY = YES;
				CLANG_WARN_ENUM_CONVERSION = YES;
				CLANG_WARN_INT_CONVERSION = YES;
				CLANG_WARN_OBJC_ROOT_CLASS = YES_ERROR;
				CLANG_WARN_UNREACHABLE_CODE = YES;
				CLANG_WARN__DUPLICATE_METHOD_MATCH = YES;
				"CODE_SIGN_IDENTITY[sdk=iphoneos*]" = "iPhone Developer";
				COPY_PHASE_STRIP = NO;
				DEBUG_INFORMATION_FORMAT = "dwarf-with-dsym";
				ENABLE_NS_ASSERTIONS = NO;
				ENABLE_STRICT_OBJC_MSGSEND = YES;
				GCC_C_LANGUAGE_STANDARD = gnu99;
				GCC_NO_COMMON_BLOCKS = YES;
				GCC_WARN_64_TO_32_BIT_CONVERSION = YES;
				GCC_WARN_ABOUT_RETURN_TYPE = YES_ERROR;
				GCC_WARN_UNDECLARED_SELECTOR = YES;
				GCC_WARN_UNINITIALIZED_AUTOS = YES_AGGRESSIVE;
				GCC_WARN_UNUSED_FUNCTION = YES;
				GCC_WARN_UNUSED_VARIABLE = YES;
				IPHONEOS_DEPLOYMENT_TARGET = 8.4;
				MTL_ENABLE_DEBUG_INFO = NO;
				SDKROOT = iphoneos;
				TARGETED_DEVICE_FAMILY = "1,2";
				VALIDATE_PRODUCT = YES;
			};
			name = Release;
		};
		3412AC57234F384C00538F51 /* Debug */ = {
			isa = XCBuildConfiguration;
			buildSettings = {
				ASSETCATALOG_COMPILER_APPICON_NAME = AppIcon;
				INFOPLIST_FILE = NewsFeedApp/Info.plist;
				LD_RUNPATH_SEARCH_PATHS = "$(inherited) @executable_path/Frameworks";
				PRODUCT_NAME = "$(TARGET_NAME)";
			};
			name = Debug;
		};
		3412AC58234F384C00538F51 /* Release */ = {
			isa = XCBuildConfiguration;
			buildSettings = {
				ASSETCATALOG_COMPILER_APPICON_NAME = AppIcon;
				INFOPLIST_FILE = NewsFeedApp/Info.plist;
				LD_RUNPATH_SEARCH_PATHS = "$(inherited) @executable_path/Frameworks";
				PRODUCT_NAME = "$(TARGET_NAME)";
			};
			name = Release;
		};
		3412AC5A234F384C00538F51 /* Debug */ = {
			isa = XCBuildConfiguration;
			buildSettings = {
				BUNDLE_LOADER = "$(TEST_HOST)";
				FRAMEWORK_SEARCH_PATHS = (
					"$(SDKROOT)/Developer/Library/Frameworks",
					"$(inherited)",
				);
				GCC_PREPROCESSOR_DEFINITIONS = (
					"DEBUG=1",
					"$(inherited)",
				);
				INFOPLIST_FILE = NewsFeedAppTests/Info.plist;
				LD_RUNPATH_SEARCH_PATHS = "$(inherited) @executable_path/Frameworks @loader_path/Frameworks";
				PRODUCT_NAME = "$(TARGET_NAME)";
				TEST_HOST = "$(BUILT_PRODUCTS_DIR)/NewsFeedApp.app/NewsFeedApp";
			};
			name = Debug;
		};
		3412AC5B234F384C00538F51 /* Release */ = {
			isa = XCBuildConfiguration;
			buildSettings = {
				BUNDLE_LOADER = "$(TEST_HOST)";
				FRAMEWORK_SEARCH_PATHS = (
					"$(SDKROOT)/Developer/Library/Frameworks",
					"$(inherited)",
				);
				INFOPLIST_FILE = NewsFeedAppTests/Info.plist;
				LD_RUNPATH_SEARCH_PATHS = "$(inherited) @executable_path/Frameworks @loader_path/Frameworks";
				PRODUCT_NAME = "$(TARGET_NAME)";
				TEST_HOST = "$(BUILT_PRODUCTS_DIR)/NewsFeedApp.app/NewsFeedApp";
			};
			name = Release;
		};
/* End XCBuildConfiguration section */

/* Begin XCConfigurationList section */
		3412AC2E234F384C00538F51 /* Build configuration list for PBXProject "NewsFeedApp" */ = {
			isa = XCConfigurationList;
			buildConfigurations = (
				3412AC54234F384C00538F51 /* Debug */,
				3412AC55234F384C00538F51 /* Release */,
			);
			defaultConfigurationIsVisible = 0;
			defaultConfigurationName = Release;
		};
		3412AC56234F384C00538F51 /* Build configuration list for PBXNativeTarget "NewsFeedApp" */ = {
			isa = XCConfigurationList;
			buildConfigurations = (
				3412AC57234F384C00538F51 /* Debug */,
				3412AC58234F384C00538F51 /* Release */,
			);
			defaultConfigurationIsVisible = 0;
			defaultConfigurationName = Release;
		};
		3412AC59234F384C00538F51 /* Build configuration list for PBXNativeTarget "NewsFeedAppTests" */ = {
			isa = XCConfigurationList;
			buildConfigurations = (
				3412AC5A234F384C00538F51 /* Debug */,
				3412AC5B234F384C00538F51 /* Release */,
			);
			defaultConfigurationIsVisible = 0;
			defaultConfigurationName = Release;
		};
/* End XCConfigurationList section */
	};
	rootObject = 3412AC2B234F384C00538F51 /* Project object */;
}
